PODS:
  - Alamofire (4.0.1)
  - Nimble (3.2.0)
  - ObjectMapper (2.0.0)
  - p2.OAuth2 (3.0.0)
  - Quick (0.9.1)
  - Realm (2.0.0):
    - Realm/Headers (= 2.0.0)
  - Realm/Headers (2.0.0)
  - RealmSwift (2.0.0):
    - Realm (= 2.0.0)
  - XCGLogger (4.0.0):
    - XCGLogger/Core (= 4.0.0)
  - XCGLogger/Core (4.0.0)

DEPENDENCIES:
  - Alamofire (~> 4.0)
  - Nimble (= 3.2.0)
  - ObjectMapper (~> 2.0)
  - p2.OAuth2 (from `https://github.com/p2/OAuth2`, branch `develop`)
  - Quick (= 0.9.1)
  - RealmSwift (= 2.0)
  - XCGLogger (~> 4.0.0)

EXTERNAL SOURCES:
  p2.OAuth2:
    :branch: develop
    :git: https://github.com/p2/OAuth2
    :submodules: true

CHECKOUT OPTIONS:
  p2.OAuth2:
    :commit: 5d5e3e1b1a13f39d4dce439fd6dce11bc4ccc721
    :git: https://github.com/p2/OAuth2
    :submodules: true

SPEC CHECKSUMS:
  Alamofire: 7682d43245de14874acd142ec137b144aa1dd335
  Nimble: 703854335d181df169bbca9c97117b5cf8c47c1d
  ObjectMapper: aed2570edabbd3c9b26c939e1cabdb6558f933e0
  p2.OAuth2: a8f96ecad6a46189b9b193691fea401139e43491
  Quick: a5221fc21788b6aeda934805e68b061839bc3165
  Realm: 6dda421ae4b3e9a09742fc2cf4b876d459cbedcd
  RealmSwift: 7d015f34a2781a50889be9b5a15c36c08597ea0e
  XCGLogger: 38063ea89b4c8b23232d18efd2e12eb0005f3ea4

PODFILE CHECKSUM: 91282ddbb1c454f757a4256ac10bd92628b22b18

COCOAPODS: 1.1.0.rc.2
